{
  "lockfile_version": "1",
  "packages": {
    "nodePackages.pm2@latest": {
      "last_modified": "2024-01-27T14:55:31Z",
      "resolved": "github:NixOS/nixpkgs/160b762eda6d139ac10ae081f8f78d640dd523eb#nodePackages.pm2",
      "source": "devbox-search",
      "version": "5.3.0",
      "systems": {
        "aarch64-darwin": {
          "outputs": [
            {
              "name": "out",
              "path": "/nix/store/k2nnhpa83gf080srmp7yc7a7gcyry7nw-pm2-5.3.0",
              "default": true
            }
          ],
          "store_path": "/nix/store/k2nnhpa83gf080srmp7yc7a7gcyry7nw-pm2-5.3.0"
        },
        "aarch64-linux": {
          "outputs": [
            {
              "name": "out",
              "path": "/nix/store/g7dvadagzs8wann4g2902i7njvi1sdsc-pm2-5.3.0",
              "default": true
            }
          ],
          "store_path": "/nix/store/g7dvadagzs8wann4g2902i7njvi1sdsc-pm2-5.3.0"
        },
        "x86_64-darwin": {
          "outputs": [
            {
              "name": "out",
              "path": "/nix/store/kqmilzxsa3ldbiyzjb57yiy3djf0hba8-pm2-5.3.0",
              "default": true
            }
          ],
          "store_path": "/nix/store/kqmilzxsa3ldbiyzjb57yiy3djf0hba8-pm2-5.3.0"
        },
        "x86_64-linux": {
          "outputs": [
            {
              "name": "out",
              "path": "/nix/store/skzizp5p3l8dhkypyj6fhzpzwypb2781-pm2-5.3.0",
              "default": true
            }
          ],
          "store_path": "/nix/store/skzizp5p3l8dhkypyj6fhzpzwypb2781-pm2-5.3.0"
        }
      }
    },
    "nodePackages.yalc@latest": {
      "last_modified": "2024-11-03T14:18:04Z",
      "resolved": "github:NixOS/nixpkgs/4ae2e647537bcdbb82265469442713d066675275#nodePackages.yalc",
      "source": "devbox-search",
      "version": "1.0.0-pre.53",
      "systems": {
        "aarch64-darwin": {
          "outputs": [
            {
              "name": "out",
              "path": "/nix/store/3slj4zl82gvw5j6s4lrsrq9hsxkcqhl0-yalc-1.0.0-pre.53",
              "default": true
            }
          ],
          "store_path": "/nix/store/3slj4zl82gvw5j6s4lrsrq9hsxkcqhl0-yalc-1.0.0-pre.53"
        },
        "aarch64-linux": {
          "outputs": [
            {
              "name": "out",
              "path": "/nix/store/7iriz63sw4v0rh5g06hxjkq4l6gx1vff-yalc-1.0.0-pre.53",
              "default": true
            }
          ],
          "store_path": "/nix/store/7iriz63sw4v0rh5g06hxjkq4l6gx1vff-yalc-1.0.0-pre.53"
        },
        "x86_64-darwin": {
          "outputs": [
            {
              "name": "out",
              "path": "/nix/store/mhjr73k0yw2gj3f71ba302xwxn4qsal9-yalc-1.0.0-pre.53",
              "default": true
            }
          ],
          "store_path": "/nix/store/mhjr73k0yw2gj3f71ba302xwxn4qsal9-yalc-1.0.0-pre.53"
        },
        "x86_64-linux": {
          "outputs": [
            {
              "name": "out",
              "path": "/nix/store/4lifpwnwpjp3dnsl4lzv5r5basz5i0gf-yalc-1.0.0-pre.53",
              "default": true
            }
          ],
          "store_path": "/nix/store/4lifpwnwpjp3dnsl4lzv5r5basz5i0gf-yalc-1.0.0-pre.53"
        }
      }
    },
    "nodejs@20": {
      "last_modified": "2024-12-23T21:10:33Z",
      "plugin_version": "0.0.2",
      "resolved": "github:NixOS/nixpkgs/de1864217bfa9b5845f465e771e0ecb48b30e02d#nodejs_20",
      "source": "devbox-search",
      "version": "20.18.1",
      "systems": {
        "aarch64-darwin": {
          "outputs": [
            {
              "name": "out",
              "path": "/nix/store/q49zbi0pzjhg4zn085h9hyz9m1k3hvpb-nodejs-20.18.1",
              "default": true
            },
            {
              "name": "libv8",
              "path": "/nix/store/l08rljd2yr7i1q4x778qazcys2l4ja23-nodejs-20.18.1-libv8"
            }
          ],
          "store_path": "/nix/store/q49zbi0pzjhg4zn085h9hyz9m1k3hvpb-nodejs-20.18.1"
        },
        "aarch64-linux": {
          "outputs": [
            {
              "name": "out",
              "path": "/nix/store/4m1ql1hsd6kqmzr8a657qhipjgssrr0c-nodejs-20.18.1",
              "default": true
            },
            {
              "name": "libv8",
              "path": "/nix/store/r8s1xalb4rpy1r44i413j84i4ny6mnsc-nodejs-20.18.1-libv8"
            }
          ],
          "store_path": "/nix/store/4m1ql1hsd6kqmzr8a657qhipjgssrr0c-nodejs-20.18.1"
        },
        "x86_64-darwin": {
          "outputs": [
            {
              "name": "out",
              "path": "/nix/store/7ky0mn6k33731jwzhsxq6a6dsbjqamqs-nodejs-20.18.1",
              "default": true
            },
            {
              "name": "libv8",
              "path": "/nix/store/jw62k3wxl38r8fcbvxaxrm696ivv3imr-nodejs-20.18.1-libv8"
            }
          ],
          "store_path": "/nix/store/7ky0mn6k33731jwzhsxq6a6dsbjqamqs-nodejs-20.18.1"
        },
        "x86_64-linux": {
          "outputs": [
            {
              "name": "out",
              "path": "/nix/store/j7dx1n6m5axf9r2bvly580x2ixx546wq-nodejs-20.18.1",
              "default": true
            },
            {
              "name": "libv8",
              "path": "/nix/store/qljmc2skrldj0g94rib6nl4jq84193fa-nodejs-20.18.1-libv8"
            }
          ],
          "store_path": "/nix/store/j7dx1n6m5axf9r2bvly580x2ixx546wq-nodejs-20.18.1"
        }
      }
    }
  }
}
